{
  "name": "forgemind",
  "version": "1.0.0",
  "lockfileVersion": 3,
  "requires": true,
  "packages": {
    "": {
      "name": "forgemind",
      "version": "1.0.0",
      "license": "ISC",
      "dependencies": {
        "@vectorize-io/hindsight-client": "^0.10.1"
      }
    },
    "node_modules/@vectorize-io/hindsight-client": {
      "version": "0.10.1",
      "resolved": "https://registry.npmjs.org/@vectorize-io/hindsight-client/-/hindsight-client-0.10.1.tgz",
      "integrity": "sha512-83FsMz/FyFwKooN1KsBZq4cWLB4RJQcTTnmxpZ0n4bXZih1iySLCtR88OAuqhqSnT3ajw4Nx5Oa8OwrrBuI6Lw==",
      "license": "MIT"
    }
  }
}
